// !$*UTF8*$!
{
	archiveVersion = 1;
	classes = {
	};
	objectVersion = 54;
	objects = {

/* Begin PBXBuildFile section */
		22BCB7DEA91EEE11CDA1577C /* Pods_Spark2.framework in Frameworks */ = {isa = PBXBuildFile; fileRef = BC4FD84564470C21E1A872A1 /* Pods_Spark2.framework */; };
		DC2B77F9291320DB0073E6A6 /* AppDelegate.swift in Sources */ = {isa = PBXBuildFile; fileRef = DC2B77F8291320DB0073E6A6 /* AppDelegate.swift */; };
		DC2B77FB291320DB0073E6A6 /* SceneDelegate.swift in Sources */ = {isa = PBXBuildFile; fileRef = DC2B77FA291320DB0073E6A6 /* SceneDelegate.swift */; };
		DC2B7800291320DB0073E6A6 /* Main.storyboard in Resources */ = {isa = PBXBuildFile; fileRef = DC2B77FE291320DB0073E6A6 /* Main.storyboard */; };
		DC2B7802291320DB0073E6A6 /* Assets.xcassets in Resources */ = {isa = PBXBuildFile; fileRef = DC2B7801291320DB0073E6A6 /* Assets.xcassets */; };
		DC2B7805291320DB0073E6A6 /* LaunchScreen.storyboard in Resources */ = {isa = PBXBuildFile; fileRef = DC2B7803291320DB0073E6A6 /* LaunchScreen.storyboard */; };
		DC83FCED29132A8C00314C74 /* LoginViewController.swift in Sources */ = {isa = PBXBuildFile; fileRef = DC83FCEC29132A8C00314C74 /* LoginViewController.swift */; };
		DC83FCEF29132ACC00314C74 /* FeedViewController.swift in Sources */ = {isa = PBXBuildFile; fileRef = DC83FCEE29132ACC00314C74 /* FeedViewController.swift */; };
/* End PBXBuildFile section */

/* Begin PBXFileReference section */
		1EE47BFC4960C8409132BE2F /* Pods-Spark2.release.xcconfig */ = {isa = PBXFileReference; includeInIndex = 1; lastKnownFileType = text.xcconfig; name = "Pods-Spark2.release.xcconfig"; path = "Target Support Files/Pods-Spark2/Pods-Spark2.release.xcconfig"; sourceTree = "<group>"; };
		3E5D0EE51FA2E38EDAFFFCA7 /* Pods-Spark2.debug.xcconfig */ = {isa = PBXFileReference; includeInIndex = 1; lastKnownFileType = text.xcconfig; name = "Pods-Spark2.debug.xcconfig"; path = "Target Support Files/Pods-Spark2/Pods-Spark2.debug.xcconfig"; sourceTree = "<group>"; };
		BC4FD84564470C21E1A872A1 /* Pods_Spark2.framework */ = {isa = PBXFileReference; explicitFileType = wrapper.framework; includeInIndex = 0; path = Pods_Spark2.framework; sourceTree = BUILT_PRODUCTS_DIR; };
		DC2B77F5291320DB0073E6A6 /* Spark2.app */ = {isa = PBXFileReference; explicitFileType = wrapper.application; includeInIndex = 0; path = Spark2.app; sourceTree = BUILT_PRODUCTS_DIR; };
		DC2B77F8291320DB0073E6A6 /* AppDelegate.swift */ = {isa = PBXFileReference; lastKnownFileType = sourcecode.swift; path = AppDelegate.swift; sourceTree = "<group>"; };
		DC2B77FA291320DB0073E6A6 /* SceneDelegate.swift */ = {isa = PBXFileReference; lastKnownFileType = sourcecode.swift; path = SceneDelegate.swift; sourceTree = "<group>"; };
		DC2B77FF291320DB0073E6A6 /* Base */ = {isa = PBXFileReference; lastKnownFileType = file.storyboard; name = Base; path = Base.lproj/Main.storyboard; sourceTree = "<group>"; };
		DC2B7801291320DB0073E6A6 /* Assets.xcassets */ = {isa = PBXFileReference; lastKnownFileType = folder.assetcatalog; path = Assets.xcassets; sourceTree = "<group>"; };
		DC2B7804291320DB0073E6A6 /* Base */ = {isa = PBXFileReference; lastKnownFileType = file.storyboard; name = Base; path = Base.lproj/LaunchScreen.storyboard; sourceTree = "<group>"; };
		DC2B7806291320DB0073E6A6 /* Info.plist */ = {isa = PBXFileReference; lastKnownFileType = text.plist.xml; path = Info.plist; sourceTree = "<group>"; };
		DC83FCEC29132A8C00314C74 /* LoginViewController.swift */ = {isa = PBXFileReference; lastKnownFileType = sourcecode.swift; path = LoginViewController.swift; sourceTree = "<group>"; };
		DC83FCEE29132ACC00314C74 /* FeedViewController.swift */ = {isa = PBXFileReference; lastKnownFileType = sourcecode.swift; path = FeedViewController.swift; sourceTree = "<group>"; };
/* End PBXFileReference section */

/* Begin PBXFrameworksBuildPhase section */
		DC2B77F2291320DB0073E6A6 /* Frameworks */ = {
			isa = PBXFrameworksBuildPhase;
			buildActionMask = 2147483647;
			files = (
				22BCB7DEA91EEE11CDA1577C /* Pods_Spark2.framework in Frameworks */,
			);
			runOnlyForDeploymentPostprocessing = 0;
		};
/* End PBXFrameworksBuildPhase section */

/* Begin PBXGroup section */
		18518BB8AC9B8BCA8F800BAD /* Frameworks */ = {
			isa = PBXGroup;
			children = (
				BC4FD84564470C21E1A872A1 /* Pods_Spark2.framework */,
			);
			name = Frameworks;
			sourceTree = "<group>";
		};
		B8226FEDC20BF7DE890BD311 /* Pods */ = {
			isa = PBXGroup;
			children = (
				3E5D0EE51FA2E38EDAFFFCA7 /* Pods-Spark2.debug.xcconfig */,
				1EE47BFC4960C8409132BE2F /* Pods-Spark2.release.xcconfig */,
			);
			path = Pods;
			sourceTree = "<group>";
		};
		DC2B77EC291320DB0073E6A6 = {
			isa = PBXGroup;
			children = (
				DC2B77F7291320DB0073E6A6 /* Spark2 */,
				DC2B77F6291320DB0073E6A6 /* Products */,
				B8226FEDC20BF7DE890BD311 /* Pods */,
				18518BB8AC9B8BCA8F800BAD /* Frameworks */,
			);
			sourceTree = "<group>";
		};
		DC2B77F6291320DB0073E6A6 /* Products */ = {
			isa = PBXGroup;
			children = (
				DC2B77F5291320DB0073E6A6 /* Spark2.app */,
			);
			name = Products;
			sourceTree = "<group>";
		};
		DC2B77F7291320DB0073E6A6 /* Spark2 */ = {
			isa = PBXGroup;
			children = (
				DC2B77F8291320DB0073E6A6 /* AppDelegate.swift */,
				DC2B77FA291320DB0073E6A6 /* SceneDelegate.swift */,
				DC2B77FE291320DB0073E6A6 /* Main.storyboard */,
				DC2B7801291320DB0073E6A6 /* Assets.xcassets */,
				DC2B7803291320DB0073E6A6 /* LaunchScreen.storyboard */,
				DC2B7806291320DB0073E6A6 /* Info.plist */,
				DC83FCEC29132A8C00314C74 /* LoginViewController.swift */,
				DC83FCEE29132ACC00314C74 /* FeedViewController.swift */,
			);
			path = Spark2;
			sourceTree = "<group>";
		};
/* End PBXGroup section */

/* Begin PBXNativeTarget section */
		DC2B77F4291320DB0073E6A6 /* Spark2 */ = {
			isa = PBXNativeTarget;
			buildConfigurationList = DC2B7809291320DB0073E6A6 /* Build configuration list for PBXNativeTarget "Spark2" */;
			buildPhases = (
				828A16F1D62122CC66068AAC /* [CP] Check Pods Manifest.lock */,
				DC2B77F1291320DB0073E6A6 /* Sources */,
				DC2B77F2291320DB0073E6A6 /* Frameworks */,
				DC2B77F3291320DB0073E6A6 /* Resources */,
				8597AC255AE63513728E9DD7 /* [CP] Embed Pods Frameworks */,
			);
			buildRules = (
			);
			dependencies = (
			);
			name = Spark2;
			productName = Spark2;
			productReference = DC2B77F5291320DB0073E6A6 /* Spark2.app */;
			productType = "com.apple.product-type.application";
		};
/* End PBXNativeTarget section */

/* Begin PBXProject section */
		DC2B77ED291320DB0073E6A6 /* Project object */ = {
			isa = PBXProject;
			attributes = {
				BuildIndependentTargetsInParallel = 1;
				LastSwiftUpdateCheck = 1410;
				LastUpgradeCheck = 1410;
				TargetAttributes = {
					DC2B77F4291320DB0073E6A6 = {
						CreatedOnToolsVersion = 14.1;
					};
				};
			};
			buildConfigurationList = DC2B77F0291320DB0073E6A6 /* Build configuration list for PBXProject "Spark2" */;
			compatibilityVersion = "Xcode 12.0";
			developmentRegion = en;
			hasScannedForEncodings = 0;
			knownRegions = (
				en,
				Base,
			);
			mainGroup = DC2B77EC291320DB0073E6A6;
			productRefGroup = DC2B77F6291320DB0073E6A6 /* Products */;
			projectDirPath = "";
			projectRoot = "";
			targets = (
				DC2B77F4291320DB0073E6A6 /* Spark2 */,
			);
		};
/* End PBXProject section */

/* Begin PBXResourcesBuildPhase section */
		DC2B77F3291320DB0073E6A6 /* Resources */ = {
			isa = PBXResourcesBuildPhase;
			buildActionMask = 2147483647;
			files = (
				DC2B7805291320DB0073E6A6 /* LaunchScreen.storyboard in Resources */,
				DC2B7802291320DB0073E6A6 /* Assets.xcassets in Resources */,
				DC2B7800291320DB0073E6A6 /* Main.storyboard in Resources */,
			);
			runOnlyForDeploymentPostprocessing = 0;
		};
/* End PBXResourcesBuildPhase section */

/* Begin PBXShellScriptBuildPhase section */
		828A16F1D62122CC66068AAC /* [CP] Check Pods Manifest.lock */ = {
			isa = PBXShellScriptBuildPhase;
			buildActionMask = 2147483647;
			files = (
			);
			inputFileListPaths = (
			);
			inputPaths = (
				"${PODS_PODFILE_DIR_PATH}/Podfile.lock",
				"${PODS_ROOT}/Manifest.lock",
			);
			name = "[CP] Check Pods Manifest.lock";
			outputFileListPaths = (
			);
			outputPaths = (
				"$(DERIVED_FILE_DIR)/Pods-Spark2-checkManifestLockResult.txt",
			);
			runOnlyForDeploymentPostprocessing = 0;
			shellPath = /bin/sh;
			shellScript = "diff \"${PODS_PODFILE_DIR_PATH}/Podfile.lock\" \"${PODS_ROOT}/Manifest.lock\" > /dev/null\nif [ $? != 0 ] ; then\n    # print error to STDERR\n    echo \"error: The sandbox is not in sync with the Podfile.lock. Run 'pod install' or update your CocoaPods installation.\" >&2\n    exit 1\nfi\n# This output is used by Xcode 'outputs' to avoid re-running this script phase.\necho \"SUCCESS\" > \"${SCRIPT_OUTPUT_FILE_0}\"\n";
			showEnvVarsInLog = 0;
		};
		8597AC255AE63513728E9DD7 /* [CP] Embed Pods Frameworks */ = {
			isa = PBXShellScriptBuildPhase;
			buildActionMask = 2147483647;
			files = (
			);
			inputFileListPaths = (
				"${PODS_ROOT}/Target Support Files/Pods-Spark2/Pods-Spark2-frameworks-${CONFIGURATION}-input-files.xcfilelist",
			);
			name = "[CP] Embed Pods Frameworks";
			outputFileListPaths = (
				"${PODS_ROOT}/Target Support Files/Pods-Spark2/Pods-Spark2-frameworks-${CONFIGURATION}-output-files.xcfilelist",
			);
			runOnlyForDeploymentPostprocessing = 0;
			shellPath = /bin/sh;
			shellScript = "\"${PODS_ROOT}/Target Support Files/Pods-Spark2/Pods-Spark2-frameworks.sh\"\n";
			showEnvVarsInLog = 0;
		};
/* End PBXShellScriptBuildPhase section */

/* Begin PBXSourcesBuildPhase section */
		DC2B77F1291320DB0073E6A6 /* Sources */ = {
			isa = PBXSourcesBuildPhase;
			buildActionMask = 2147483647;
			files = (
				DC83FCED29132A8C00314C74 /* LoginViewController.swift in Sources */,
				DC2B77F9291320DB0073E6A6 /* AppDelegate.swift in Sources */,
				DC83FCEF29132ACC00314C74 /* FeedViewController.swift in Sources */,
				DC2B77FB291320DB0073E6A6 /* SceneDelegate.swift in Sources */,
			);
			runOnlyForDeploymentPostprocessing = 0;
		};
/* End PBXSourcesBuildPhase section */

/* Begin PBXVariantGroup section */
		DC2B77FE291320DB0073E6A6 /* Main.storyboard */ = {
			isa = PBXVariantGroup;
			children = (
				DC2B77FF291320DB0073E6A6 /* Base */,
			);
			name = Main.storyboard;
			sourceTree = "<group>";
		};
		DC2B7803291320DB0073E6A6 /* LaunchScreen.storyboard */ = {
			isa = PBXVariantGroup;
			children = (
				DC2B7804291320DB0073E6A6 /* Base */,
			);
			name = LaunchScreen.storyboard;
			sourceTree = "<group>";
		};
/* End PBXVariantGroup section */

/* Begin XCBuildConfiguration section */
		DC2B7807291320DB0073E6A6 /* Debug */ = {
			isa = XCBuildConfiguration;
			buildSettings = {
				ALWAYS_SEARCH_USER_PATHS = NO;
				CLANG_ANALYZER_NONNULL = YES;
				CLANG_ANALYZER_NUMBER_OBJECT_CONVERSION = YES_AGGRESSIVE;
				CLANG_CXX_LANGUAGE_STANDARD = "gnu++20";
				CLANG_ENABLE_MODULES = YES;
				CLANG_ENABLE_OBJC_ARC = YES;
				CLANG_ENABLE_OBJC_WEAK = YES;
				CLANG_WARN_BLOCK_CAPTURE_AUTORELEASING = YES;
				CLANG_WARN_BOOL_CONVERSION = YES;
				CLANG_WARN_COMMA = YES;
				CLANG_WARN_CONSTANT_CONVERSION = YES;
				CLANG_WARN_DEPRECATED_OBJC_IMPLEMENTATIONS = YES;
				CLANG_WARN_DIRECT_OBJC_ISA_USAGE = YES_ERROR;
				CLANG_WARN_DOCUMENTATION_COMMENTS = YES;
				CLANG_WARN_EMPTY_BODY = YES;
				CLANG_WARN_ENUM_CONVERSION = YES;
				CLANG_WARN_INFINITE_RECURSION = YES;
				CLANG_WARN_INT_CONVERSION = YES;
				CLANG_WARN_NON_LITERAL_NULL_CONVERSION = YES;
				CLANG_WARN_OBJC_IMPLICIT_RETAIN_SELF = YES;
				CLANG_WARN_OBJC_LITERAL_CONVERSION = YES;
				CLANG_WARN_OBJC_ROOT_CLASS = YES_ERROR;
				CLANG_WARN_QUOTED_INCLUDE_IN_FRAMEWORK_HEADER = YES;
				CLANG_WARN_RANGE_LOOP_ANALYSIS = YES;
				CLANG_WARN_STRICT_PROTOTYPES = YES;
				CLANG_WARN_SUSPICIOUS_MOVE = YES;
				CLANG_WARN_UNGUARDED_AVAILABILITY = YES_AGGRESSIVE;
				CLANG_WARN_UNREACHABLE_CODE = YES;
				CLANG_WARN__DUPLICATE_METHOD_MATCH = YES;
				COPY_PHASE_STRIP = NO;
				DEBUG_INFORMATION_FORMAT = dwarf;
				ENABLE_STRICT_OBJC_MSGSEND = YES;
				ENABLE_TESTABILITY = YES;
				GCC_C_LANGUAGE_STANDARD = gnu11;
				GCC_DYNAMIC_NO_PIC = NO;
				GCC_NO_COMMON_BLOCKS = YES;
				GCC_OPTIMIZATION_LEVEL = 0;
				GCC_PREPROCESSOR_DEFINITIONS = (
					"DEBUG=1",
					"$(inherited)",
				);
				GCC_WARN_64_TO_32_BIT_CONVERSION = YES;
				GCC_WARN_ABOUT_RETURN_TYPE = YES_ERROR;
				GCC_WARN_UNDECLARED_SELECTOR = YES;
				GCC_WARN_UNINITIALIZED_AUTOS = YES_AGGRESSIVE;
				GCC_WARN_UNUSED_FUNCTION = YES;
				GCC_WARN_UNUSED_VARIABLE = YES;
				IPHONEOS_DEPLOYMENT_TARGET = 16.1;
				MTL_ENABLE_DEBUG_INFO = INCLUDE_SOURCE;
				MTL_FAST_MATH = YES;
				ONLY_ACTIVE_ARCH = YES;
				SDKROOT = iphoneos;
				SWIFT_ACTIVE_COMPILATION_CONDITIONS = DEBUG;
				SWIFT_OPTIMIZATION_LEVEL = "-Onone";
			};
			name = Debug;
		};
		DC2B7808291320DB0073E6A6 /* Release */ = {
			isa = XCBuildConfiguration;
			buildSettings = {
				ALWAYS_SEARCH_USER_PATHS = NO;
				CLANG_ANALYZER_NONNULL = YES;
				CLANG_ANALYZER_NUMBER_OBJECT_CONVERSION = YES_AGGRESSIVE;
				CLANG_CXX_LANGUAGE_STANDARD = "gnu++20";
				CLANG_ENABLE_MODULES = YES;
				CLANG_ENABLE_OBJC_ARC = YES;
				CLANG_ENABLE_OBJC_WEAK = YES;
				CLANG_WARN_BLOCK_CAPTURE_AUTORELEASING = YES;
				CLANG_WARN_BOOL_CONVERSION = YES;
				CLANG_WARN_COMMA = YES;
				CLANG_WARN_CONSTANT_CONVERSION = YES;
				CLANG_WARN_DEPRECATED_OBJC_IMPLEMENTATIONS = YES;
				CLANG_WARN_DIRECT_OBJC_ISA_USAGE = YES_ERROR;
				CLANG_WARN_DOCUMENTATION_COMMENTS = YES;
				CLANG_WARN_EMPTY_BODY = YES;
				CLANG_WARN_ENUM_CONVERSION = YES;
				CLANG_WARN_INFINITE_RECURSION = YES;
				CLANG_WARN_INT_CONVERSION = YES;
				CLANG_WARN_NON_LITERAL_NULL_CONVERSION = YES;
				CLANG_WARN_OBJC_IMPLICIT_RETAIN_SELF = YES;
				CLANG_WARN_OBJC_LITERAL_CONVERSION = YES;
				CLANG_WARN_OBJC_ROOT_CLASS = YES_ERROR;
				CLANG_WARN_QUOTED_INCLUDE_IN_FRAMEWORK_HEADER = YES;
				CLANG_WARN_RANGE_LOOP_ANALYSIS = YES;
				CLANG_WARN_STRICT_PROTOTYPES = YES;
				CLANG_WARN_SUSPICIOUS_MOVE = YES;
				CLANG_WARN_UNGUARDED_AVAILABILITY = YES_AGGRESSIVE;
				CLANG_WARN_UNREACHABLE_CODE = YES;
				CLANG_WARN__DUPLICATE_METHOD_MATCH = YES;
				COPY_PHASE_STRIP = NO;
				DEBUG_INFORMATION_FORMAT = "dwarf-with-dsym";
				ENABLE_NS_ASSERTIONS = NO;
				ENABLE_STRICT_OBJC_MSGSEND = YES;
				GCC_C_LANGUAGE_STANDARD = gnu11;
				GCC_NO_COMMON_BLOCKS = YES;
				GCC_WARN_64_TO_32_BIT_CONVERSION = YES;
				GCC_WARN_ABOUT_RETURN_TYPE = YES_ERROR;
				GCC_WARN_UNDECLARED_SELECTOR = YES;
				GCC_WARN_UNINITIALIZED_AUTOS = YES_AGGRESSIVE;
				GCC_WARN_UNUSED_FUNCTION = YES;
				GCC_WARN_UNUSED_VARIABLE = YES;
				IPHONEOS_DEPLOYMENT_TARGET = 16.1;
				MTL_ENABLE_DEBUG_INFO = NO;
				MTL_FAST_MATH = YES;
				SDKROOT = iphoneos;
				SWIFT_COMPILATION_MODE = wholemodule;
				SWIFT_OPTIMIZATION_LEVEL = "-O";
				VALIDATE_PRODUCT = YES;
			};
			name = Release;
		};
		DC2B780A291320DB0073E6A6 /* Debug */ = {
			isa = XCBuildConfiguration;
			baseConfigurationReference = 3E5D0EE51FA2E38EDAFFFCA7 /* Pods-Spark2.debug.xcconfig */;
			buildSettings = {
				ASSETCATALOG_COMPILER_APPICON_NAME = AppIcon;
				ASSETCATALOG_COMPILER_GLOBAL_ACCENT_COLOR_NAME = AccentColor;
				CODE_SIGN_STYLE = Automatic;
				CURRENT_PROJECT_VERSION = 1;
				DEVELOPMENT_TEAM = TYWTDH9X79;
				GENERATE_INFOPLIST_FILE = YES;
				INFOPLIST_FILE = Spark2/Info.plist;
				INFOPLIST_KEY_UIApplicationSupportsIndirectInputEvents = YES;
				INFOPLIST_KEY_UILaunchStoryboardName = LaunchScreen;
				INFOPLIST_KEY_UIMainStoryboardFile = Main;
				INFOPLIST_KEY_UISupportedInterfaceOrientations_iPad = "UIInterfaceOrientationPortrait UIInterfaceOrientationPortraitUpsideDown UIInterfaceOrientationLandscapeLeft UIInterfaceOrientationLandscapeRight";
				INFOPLIST_KEY_UISupportedInterfaceOrientations_iPhone = "UIInterfaceOrientationPortrait UIInterfaceOrientationLandscapeLeft UIInterfaceOrientationLandscapeRight";
				LD_RUNPATH_SEARCH_PATHS = (
					"$(inherited)",
					"@executable_path/Frameworks",
				);
				MARKETING_VERSION = 1.0;
				PRODUCT_BUNDLE_IDENTIFIER = jammy.sust.Spark2;
				PRODUCT_NAME = "$(TARGET_NAME)";
				SWIFT_EMIT_LOC_STRINGS = YES;
				SWIFT_VERSION = 5.0;
				TARGETED_DEVICE_FAMILY = "1,2";
			};
			name = Debug;
		};
		DC2B780B291320DB0073E6A6 /* Release */ = {
			isa = XCBuildConfiguration;
			baseConfigurationReference = 1EE47BFC4960C8409132BE2F /* Pods-Spark2.release.xcconfig */;
			buildSettings = {
				ASSETCATALOG_COMPILER_APPICON_NAME = AppIcon;
				ASSETCATALOG_COMPILER_GLOBAL_ACCENT_COLOR_NAME = AccentColor;
				CODE_SIGN_STYLE = Automatic;
				CURRENT_PROJECT_VERSION = 1;
				DEVELOPMENT_TEAM = TYWTDH9X79;
				GENERATE_INFOPLIST_FILE = YES;
				INFOPLIST_FILE = Spark2/Info.plist;
				INFOPLIST_KEY_UIApplicationSupportsIndirectInputEvents = YES;
				INFOPLIST_KEY_UILaunchStoryboardName = LaunchScreen;
				INFOPLIST_KEY_UIMainStoryboardFile = Main;
				INFOPLIST_KEY_UISupportedInterfaceOrientations_iPad = "UIInterfaceOrientationPortrait UIInterfaceOrientationPortraitUpsideDown UIInterfaceOrientationLandscapeLeft UIInterfaceOrientationLandscapeRight";
				INFOPLIST_KEY_UISupportedInterfaceOrientations_iPhone = "UIInterfaceOrientationPortrait UIInterfaceOrientationLandscapeLeft UIInterfaceOrientationLandscapeRight";
				LD_RUNPATH_SEARCH_PATHS = (
					"$(inherited)",
					"@executable_path/Frameworks",
				);
				MARKETING_VERSION = 1.0;
				PRODUCT_BUNDLE_IDENTIFIER = jammy.sust.Spark2;
				PRODUCT_NAME = "$(TARGET_NAME)";
				SWIFT_EMIT_LOC_STRINGS = YES;
				SWIFT_VERSION = 5.0;
				TARGETED_DEVICE_FAMILY = "1,2";
			};
			name = Release;
		};
/* End XCBuildConfiguration section */

/* Begin XCConfigurationList section */
		DC2B77F0291320DB0073E6A6 /* Build configuration list for PBXProject "Spark2" */ = {
			isa = XCConfigurationList;
			buildConfigurations = (
				DC2B7807291320DB0073E6A6 /* Debug */,
				DC2B7808291320DB0073E6A6 /* Release */,
			);
			defaultConfigurationIsVisible = 0;
			defaultConfigurationName = Release;
		};
		DC2B7809291320DB0073E6A6 /* Build configuration list for PBXNativeTarget "Spark2" */ = {
			isa = XCConfigurationList;
			buildConfigurations = (
				DC2B780A291320DB0073E6A6 /* Debug */,
				DC2B780B291320DB0073E6A6 /* Release */,
			);
			defaultConfigurationIsVisible = 0;
			defaultConfigurationName = Release;
		};
/* End XCConfigurationList section */
	};
	rootObject = DC2B77ED291320DB0073E6A6 /* Project object */;
}
